
Microsoft Visual Studio Solution File, Format Version 12.00
# Visual Studio Version 17
VisualStudioVersion = 17.9.34723.18
MinimumVisualStudioVersion = 10.0.40219.1
Project("{FAE04EC0-301F-11D3-BF4B-00C04F79EFBC}") = "Programming-No.1", "Programming-No.1\Programming-No.1.csproj", "{BC798062-BFBA-4680-883F-15E4A9008B89}"
EndProject
Global
	GlobalSection(SolutionConfigurationPlatforms) = preSolution
		Debug|Any CPU = Debug|Any CPU
		Release|Any CPU = Release|Any CPU
	EndGlobalSection
	GlobalSection(ProjectConfigurationPlatforms) = postSolution
		{BC798062-BFBA-4680-883F-15E4A9008B89}.Debug|Any CPU.ActiveCfg = Debug|Any CPU
		{BC798062-BFBA-4680-883F-15E4A9008B89}.Debug|Any CPU.Build.0 = Debug|Any CPU
		{BC798062-BFBA-4680-883F-15E4A9008B89}.Release|Any CPU.ActiveCfg = Release|Any CPU
		{BC798062-BFBA-4680-883F-15E4A9008B89}.Release|Any CPU.Build.0 = Release|Any CPU
	EndGlobalSection
	GlobalSection(SolutionProperties) = preSolution
		HideSolutionNode = FALSE
	EndGlobalSection
	GlobalSection(ExtensibilityGlobals) = postSolution
		SolutionGuid = {34D54E89-56EA-4251-9CDF-1D2EA93543BB}
	EndGlobalSection
EndGlobal
